// !$*UTF8*$!
{
	archiveVersion = 1;
	classes = {
	};
	objectVersion = 56;
	objects = {

/* Begin PBXBuildFile section */
		B11EA67D29CCC75000A5BAB3 /* swiftmoviesApp.swift in Sources */ = {isa = PBXBuildFile; fileRef = B11EA67C29CCC75000A5BAB3 /* swiftmoviesApp.swift */; };
		B11EA67F29CCC75000A5BAB3 /* ContentView.swift in Sources */ = {isa = PBXBuildFile; fileRef = B11EA67E29CCC75000A5BAB3 /* ContentView.swift */; };
		B11EA68129CCC75100A5BAB3 /* Assets.xcassets in Resources */ = {isa = PBXBuildFile; fileRef = B11EA68029CCC75100A5BAB3 /* Assets.xcassets */; };
		B11EA68429CCC75100A5BAB3 /* Preview Assets.xcassets in Resources */ = {isa = PBXBuildFile; fileRef = B11EA68329CCC75100A5BAB3 /* Preview Assets.xcassets */; };
		B11EA68E29CCC75200A5BAB3 /* swiftmoviesTests.swift in Sources */ = {isa = PBXBuildFile; fileRef = B11EA68D29CCC75200A5BAB3 /* swiftmoviesTests.swift */; };
		B11EA69829CCC75200A5BAB3 /* swiftmoviesUITests.swift in Sources */ = {isa = PBXBuildFile; fileRef = B11EA69729CCC75200A5BAB3 /* swiftmoviesUITests.swift */; };
		B11EA69A29CCC75200A5BAB3 /* swiftmoviesUITestsLaunchTests.swift in Sources */ = {isa = PBXBuildFile; fileRef = B11EA69929CCC75200A5BAB3 /* swiftmoviesUITestsLaunchTests.swift */; };
		B12F28E429D35F3500E05105 /* MovieAPI.swift in Sources */ = {isa = PBXBuildFile; fileRef = B12F28E329D35F3500E05105 /* MovieAPI.swift */; };
/* End PBXBuildFile section */

/* Begin PBXContainerItemProxy section */
		B11EA68A29CCC75200A5BAB3 /* PBXContainerItemProxy */ = {
			isa = PBXContainerItemProxy;
			containerPortal = B11EA67129CCC75000A5BAB3 /* Project object */;
			proxyType = 1;
			remoteGlobalIDString = B11EA67829CCC75000A5BAB3;
			remoteInfo = swiftmovies;
		};
		B11EA69429CCC75200A5BAB3 /* PBXContainerItemProxy */ = {
			isa = PBXContainerItemProxy;
			containerPortal = B11EA67129CCC75000A5BAB3 /* Project object */;
			proxyType = 1;
			remoteGlobalIDString = B11EA67829CCC75000A5BAB3;
			remoteInfo = swiftmovies;
		};
/* End PBXContainerItemProxy section */

/* Begin PBXFileReference section */
		B11EA67929CCC75000A5BAB3 /* swiftmovies.app */ = {isa = PBXFileReference; explicitFileType = wrapper.application; includeInIndex = 0; path = swiftmovies.app; sourceTree = BUILT_PRODUCTS_DIR; };
		B11EA67C29CCC75000A5BAB3 /* swiftmoviesApp.swift */ = {isa = PBXFileReference; lastKnownFileType = sourcecode.swift; path = swiftmoviesApp.swift; sourceTree = "<group>"; };
		B11EA67E29CCC75000A5BAB3 /* ContentView.swift */ = {isa = PBXFileReference; lastKnownFileType = sourcecode.swift; path = ContentView.swift; sourceTree = "<group>"; };
		B11EA68029CCC75100A5BAB3 /* Assets.xcassets */ = {isa = PBXFileReference; lastKnownFileType = folder.assetcatalog; path = Assets.xcassets; sourceTree = "<group>"; };
		B11EA68329CCC75100A5BAB3 /* Preview Assets.xcassets */ = {isa = PBXFileReference; lastKnownFileType = folder.assetcatalog; path = "Preview Assets.xcassets"; sourceTree = "<group>"; };
		B11EA68929CCC75200A5BAB3 /* swiftmoviesTests.xctest */ = {isa = PBXFileReference; explicitFileType = wrapper.cfbundle; includeInIndex = 0; path = swiftmoviesTests.xctest; sourceTree = BUILT_PRODUCTS_DIR; };
		B11EA68D29CCC75200A5BAB3 /* swiftmoviesTests.swift */ = {isa = PBXFileReference; lastKnownFileType = sourcecode.swift; path = swiftmoviesTests.swift; sourceTree = "<group>"; };
		B11EA69329CCC75200A5BAB3 /* swiftmoviesUITests.xctest */ = {isa = PBXFileReference; explicitFileType = wrapper.cfbundle; includeInIndex = 0; path = swiftmoviesUITests.xctest; sourceTree = BUILT_PRODUCTS_DIR; };
		B11EA69729CCC75200A5BAB3 /* swiftmoviesUITests.swift */ = {isa = PBXFileReference; lastKnownFileType = sourcecode.swift; path = swiftmoviesUITests.swift; sourceTree = "<group>"; };
		B11EA69929CCC75200A5BAB3 /* swiftmoviesUITestsLaunchTests.swift */ = {isa = PBXFileReference; lastKnownFileType = sourcecode.swift; path = swiftmoviesUITestsLaunchTests.swift; sourceTree = "<group>"; };
		B12F28E329D35F3500E05105 /* MovieAPI.swift */ = {isa = PBXFileReference; lastKnownFileType = sourcecode.swift; path = MovieAPI.swift; sourceTree = "<group>"; };
/* End PBXFileReference section */

/* Begin PBXFrameworksBuildPhase section */
		B11EA67629CCC75000A5BAB3 /* Frameworks */ = {
			isa = PBXFrameworksBuildPhase;
			buildActionMask = 2147483647;
			files = (
			);
			runOnlyForDeploymentPostprocessing = 0;
		};
		B11EA68629CCC75200A5BAB3 /* Frameworks */ = {
			isa = PBXFrameworksBuildPhase;
			buildActionMask = 2147483647;
			files = (
			);
			runOnlyForDeploymentPostprocessing = 0;
		};
		B11EA69029CCC75200A5BAB3 /* Frameworks */ = {
			isa = PBXFrameworksBuildPhase;
			buildActionMask = 2147483647;
			files = (
			);
			runOnlyForDeploymentPostprocessing = 0;
		};
/* End PBXFrameworksBuildPhase section */

/* Begin PBXGroup section */
		B11EA67029CCC75000A5BAB3 = {
			isa = PBXGroup;
			children = (
				B11EA67B29CCC75000A5BAB3 /* swiftmovies */,
				B11EA68C29CCC75200A5BAB3 /* swiftmoviesTests */,
				B11EA69629CCC75200A5BAB3 /* swiftmoviesUITests */,
				B11EA67A29CCC75000A5BAB3 /* Products */,
			);
			sourceTree = "<group>";
		};
		B11EA67A29CCC75000A5BAB3 /* Products */ = {
			isa = PBXGroup;
			children = (
				B11EA67929CCC75000A5BAB3 /* swiftmovies.app */,
				B11EA68929CCC75200A5BAB3 /* swiftmoviesTests.xctest */,
				B11EA69329CCC75200A5BAB3 /* swiftmoviesUITests.xctest */,
			);
			name = Products;
			sourceTree = "<group>";
		};
		B11EA67B29CCC75000A5BAB3 /* swiftmovies */ = {
			isa = PBXGroup;
			children = (
				B11EA67C29CCC75000A5BAB3 /* swiftmoviesApp.swift */,
				B11EA67E29CCC75000A5BAB3 /* ContentView.swift */,
				B12F28E329D35F3500E05105 /* MovieAPI.swift */,
				B11EA68029CCC75100A5BAB3 /* Assets.xcassets */,
				B11EA68229CCC75100A5BAB3 /* Preview Content */,
			);
			path = swiftmovies;
			sourceTree = "<group>";
		};
		B11EA68229CCC75100A5BAB3 /* Preview Content */ = {
			isa = PBXGroup;
			children = (
				B11EA68329CCC75100A5BAB3 /* Preview Assets.xcassets */,
			);
			path = "Preview Content";
			sourceTree = "<group>";
		};
		B11EA68C29CCC75200A5BAB3 /* swiftmoviesTests */ = {
			isa = PBXGroup;
			children = (
				B11EA68D29CCC75200A5BAB3 /* swiftmoviesTests.swift */,
			);
			path = swiftmoviesTests;
			sourceTree = "<group>";
		};
		B11EA69629CCC75200A5BAB3 /* swiftmoviesUITests */ = {
			isa = PBXGroup;
			children = (
				B11EA69729CCC75200A5BAB3 /* swiftmoviesUITests.swift */,
				B11EA69929CCC75200A5BAB3 /* swiftmoviesUITestsLaunchTests.swift */,
			);
			path = swiftmoviesUITests;
			sourceTree = "<group>";
		};
/* End PBXGroup section */

/* Begin PBXNativeTarget section */
		B11EA67829CCC75000A5BAB3 /* swiftmovies */ = {
			isa = PBXNativeTarget;
			buildConfigurationList = B11EA69D29CCC75200A5BAB3 /* Build configuration list for PBXNativeTarget "swiftmovies" */;
			buildPhases = (
				B11EA67529CCC75000A5BAB3 /* Sources */,
				B11EA67629CCC75000A5BAB3 /* Frameworks */,
				B11EA67729CCC75000A5BAB3 /* Resources */,
			);
			buildRules = (
			);
			dependencies = (
			);
			name = swiftmovies;
			productName = swiftmovies;
			productReference = B11EA67929CCC75000A5BAB3 /* swiftmovies.app */;
			productType = "com.apple.product-type.application";
		};
		B11EA68829CCC75200A5BAB3 /* swiftmoviesTests */ = {
			isa = PBXNativeTarget;
			buildConfigurationList = B11EA6A029CCC75200A5BAB3 /* Build configuration list for PBXNativeTarget "swiftmoviesTests" */;
			buildPhases = (
				B11EA68529CCC75200A5BAB3 /* Sources */,
				B11EA68629CCC75200A5BAB3 /* Frameworks */,
				B11EA68729CCC75200A5BAB3 /* Resources */,
			);
			buildRules = (
			);
			dependencies = (
				B11EA68B29CCC75200A5BAB3 /* PBXTargetDependency */,
			);
			name = swiftmoviesTests;
			productName = swiftmoviesTests;
			productReference = B11EA68929CCC75200A5BAB3 /* swiftmoviesTests.xctest */;
			productType = "com.apple.product-type.bundle.unit-test";
		};
		B11EA69229CCC75200A5BAB3 /* swiftmoviesUITests */ = {
			isa = PBXNativeTarget;
			buildConfigurationList = B11EA6A329CCC75200A5BAB3 /* Build configuration list for PBXNativeTarget "swiftmoviesUITests" */;
			buildPhases = (
				B11EA68F29CCC75200A5BAB3 /* Sources */,
				B11EA69029CCC75200A5BAB3 /* Frameworks */,
				B11EA69129CCC75200A5BAB3 /* Resources */,
			);
			buildRules = (
			);
			dependencies = (
				B11EA69529CCC75200A5BAB3 /* PBXTargetDependency */,
			);
			name = swiftmoviesUITests;
			productName = swiftmoviesUITests;
			productReference = B11EA69329CCC75200A5BAB3 /* swiftmoviesUITests.xctest */;
			productType = "com.apple.product-type.bundle.ui-testing";
		};
/* End PBXNativeTarget section */

/* Begin PBXProject section */
		B11EA67129CCC75000A5BAB3 /* Project object */ = {
			isa = PBXProject;
			attributes = {
				BuildIndependentTargetsInParallel = 1;
				LastSwiftUpdateCheck = 1410;
				LastUpgradeCheck = 1410;
				TargetAttributes = {
					B11EA67829CCC75000A5BAB3 = {
						CreatedOnToolsVersion = 14.1;
					};
					B11EA68829CCC75200A5BAB3 = {
						CreatedOnToolsVersion = 14.1;
						TestTargetID = B11EA67829CCC75000A5BAB3;
					};
					B11EA69229CCC75200A5BAB3 = {
						CreatedOnToolsVersion = 14.1;
						TestTargetID = B11EA67829CCC75000A5BAB3;
					};
				};
			};
			buildConfigurationList = B11EA67429CCC75000A5BAB3 /* Build configuration list for PBXProject "swiftmovies" */;
			compatibilityVersion = "Xcode 14.0";
			developmentRegion = en;
			hasScannedForEncodings = 0;
			knownRegions = (
				en,
				Base,
			);
			mainGroup = B11EA67029CCC75000A5BAB3;
			productRefGroup = B11EA67A29CCC75000A5BAB3 /* Products */;
			projectDirPath = "";
			projectRoot = "";
			targets = (
				B11EA67829CCC75000A5BAB3 /* swiftmovies */,
				B11EA68829CCC75200A5BAB3 /* swiftmoviesTests */,
				B11EA69229CCC75200A5BAB3 /* swiftmoviesUITests */,
			);
		};
/* End PBXProject section */

/* Begin PBXResourcesBuildPhase section */
		B11EA67729CCC75000A5BAB3 /* Resources */ = {
			isa = PBXResourcesBuildPhase;
			buildActionMask = 2147483647;
			files = (
				B11EA68429CCC75100A5BAB3 /* Preview Assets.xcassets in Resources */,
				B11EA68129CCC75100A5BAB3 /* Assets.xcassets in Resources */,
			);
			runOnlyForDeploymentPostprocessing = 0;
		};
		B11EA68729CCC75200A5BAB3 /* Resources */ = {
			isa = PBXResourcesBuildPhase;
			buildActionMask = 2147483647;
			files = (
			);
			runOnlyForDeploymentPostprocessing = 0;
		};
		B11EA69129CCC75200A5BAB3 /* Resources */ = {
			isa = PBXResourcesBuildPhase;
			buildActionMask = 2147483647;
			files = (
			);
			runOnlyForDeploymentPostprocessing = 0;
		};
/* End PBXResourcesBuildPhase section */

/* Begin PBXSourcesBuildPhase section */
		B11EA67529CCC75000A5BAB3 /* Sources */ = {
			isa = PBXSourcesBuildPhase;
			buildActionMask = 2147483647;
			files = (
				B12F28E429D35F3500E05105 /* MovieAPI.swift in Sources */,
				B11EA67F29CCC75000A5BAB3 /* ContentView.swift in Sources */,
				B11EA67D29CCC75000A5BAB3 /* swiftmoviesApp.swift in Sources */,
			);
			runOnlyForDeploymentPostprocessing = 0;
		};
		B11EA68529CCC75200A5BAB3 /* Sources */ = {
			isa = PBXSourcesBuildPhase;
			buildActionMask = 2147483647;
			files = (
				B11EA68E29CCC75200A5BAB3 /* swiftmoviesTests.swift in Sources */,
			);
			runOnlyForDeploymentPostprocessing = 0;
		};
		B11EA68F29CCC75200A5BAB3 /* Sources */ = {
			isa = PBXSourcesBuildPhase;
			buildActionMask = 2147483647;
			files = (
				B11EA69829CCC75200A5BAB3 /* swiftmoviesUITests.swift in Sources */,
				B11EA69A29CCC75200A5BAB3 /* swiftmoviesUITestsLaunchTests.swift in Sources */,
			);
			runOnlyForDeploymentPostprocessing = 0;
		};
/* End PBXSourcesBuildPhase section */

/* Begin PBXTargetDependency section */
		B11EA68B29CCC75200A5BAB3 /* PBXTargetDependency */ = {
			isa = PBXTargetDependency;
			target = B11EA67829CCC75000A5BAB3 /* swiftmovies */;
			targetProxy = B11EA68A29CCC75200A5BAB3 /* PBXContainerItemProxy */;
		};
		B11EA69529CCC75200A5BAB3 /* PBXTargetDependency */ = {
			isa = PBXTargetDependency;
			target = B11EA67829CCC75000A5BAB3 /* swiftmovies */;
			targetProxy = B11EA69429CCC75200A5BAB3 /* PBXContainerItemProxy */;
		};
/* End PBXTargetDependency section */

/* Begin XCBuildConfiguration section */
		B11EA69B29CCC75200A5BAB3 /* Debug */ = {
			isa = XCBuildConfiguration;
			buildSettings = {
				ALWAYS_SEARCH_USER_PATHS = NO;
				CLANG_ANALYZER_NONNULL = YES;
				CLANG_ANALYZER_NUMBER_OBJECT_CONVERSION = YES_AGGRESSIVE;
				CLANG_CXX_LANGUAGE_STANDARD = "gnu++20";
				CLANG_ENABLE_MODULES = YES;
				CLANG_ENABLE_OBJC_ARC = YES;
				CLANG_ENABLE_OBJC_WEAK = YES;
				CLANG_WARN_BLOCK_CAPTURE_AUTORELEASING = YES;
				CLANG_WARN_BOOL_CONVERSION = YES;
				CLANG_WARN_COMMA = YES;
				CLANG_WARN_CONSTANT_CONVERSION = YES;
				CLANG_WARN_DEPRECATED_OBJC_IMPLEMENTATIONS = YES;
				CLANG_WARN_DIRECT_OBJC_ISA_USAGE = YES_ERROR;
				CLANG_WARN_DOCUMENTATION_COMMENTS = YES;
				CLANG_WARN_EMPTY_BODY = YES;
				CLANG_WARN_ENUM_CONVERSION = YES;
				CLANG_WARN_INFINITE_RECURSION = YES;
				CLANG_WARN_INT_CONVERSION = YES;
				CLANG_WARN_NON_LITERAL_NULL_CONVERSION = YES;
				CLANG_WARN_OBJC_IMPLICIT_RETAIN_SELF = YES;
				CLANG_WARN_OBJC_LITERAL_CONVERSION = YES;
				CLANG_WARN_OBJC_ROOT_CLASS = YES_ERROR;
				CLANG_WARN_QUOTED_INCLUDE_IN_FRAMEWORK_HEADER = YES;
				CLANG_WARN_RANGE_LOOP_ANALYSIS = YES;
				CLANG_WARN_STRICT_PROTOTYPES = YES;
				CLANG_WARN_SUSPICIOUS_MOVE = YES;
				CLANG_WARN_UNGUARDED_AVAILABILITY = YES_AGGRESSIVE;
				CLANG_WARN_UNREACHABLE_CODE = YES;
				CLANG_WARN__DUPLICATE_METHOD_MATCH = YES;
				COPY_PHASE_STRIP = NO;
				DEBUG_INFORMATION_FORMAT = dwarf;
				ENABLE_STRICT_OBJC_MSGSEND = YES;
				ENABLE_TESTABILITY = YES;
				GCC_C_LANGUAGE_STANDARD = gnu11;
				GCC_DYNAMIC_NO_PIC = NO;
				GCC_NO_COMMON_BLOCKS = YES;
				GCC_OPTIMIZATION_LEVEL = 0;
				GCC_PREPROCESSOR_DEFINITIONS = (
					"DEBUG=1",
					"$(inherited)",
				);
				GCC_WARN_64_TO_32_BIT_CONVERSION = YES;
				GCC_WARN_ABOUT_RETURN_TYPE = YES_ERROR;
				GCC_WARN_UNDECLARED_SELECTOR = YES;
				GCC_WARN_UNINITIALIZED_AUTOS = YES_AGGRESSIVE;
				GCC_WARN_UNUSED_FUNCTION = YES;
				GCC_WARN_UNUSED_VARIABLE = YES;
				IPHONEOS_DEPLOYMENT_TARGET = 16.1;
				MTL_ENABLE_DEBUG_INFO = INCLUDE_SOURCE;
				MTL_FAST_MATH = YES;
				ONLY_ACTIVE_ARCH = YES;
				SDKROOT = iphoneos;
				SWIFT_ACTIVE_COMPILATION_CONDITIONS = DEBUG;
				SWIFT_OPTIMIZATION_LEVEL = "-Onone";
			};
			name = Debug;
		};
		B11EA69C29CCC75200A5BAB3 /* Release */ = {
			isa = XCBuildConfiguration;
			buildSettings = {
				ALWAYS_SEARCH_USER_PATHS = NO;
				CLANG_ANALYZER_NONNULL = YES;
				CLANG_ANALYZER_NUMBER_OBJECT_CONVERSION = YES_AGGRESSIVE;
				CLANG_CXX_LANGUAGE_STANDARD = "gnu++20";
				CLANG_ENABLE_MODULES = YES;
				CLANG_ENABLE_OBJC_ARC = YES;
				CLANG_ENABLE_OBJC_WEAK = YES;
				CLANG_WARN_BLOCK_CAPTURE_AUTORELEASING = YES;
				CLANG_WARN_BOOL_CONVERSION = YES;
				CLANG_WARN_COMMA = YES;
				CLANG_WARN_CONSTANT_CONVERSION = YES;
				CLANG_WARN_DEPRECATED_OBJC_IMPLEMENTATIONS = YES;
				CLANG_WARN_DIRECT_OBJC_ISA_USAGE = YES_ERROR;
				CLANG_WARN_DOCUMENTATION_COMMENTS = YES;
				CLANG_WARN_EMPTY_BODY = YES;
				CLANG_WARN_ENUM_CONVERSION = YES;
				CLANG_WARN_INFINITE_RECURSION = YES;
				CLANG_WARN_INT_CONVERSION = YES;
				CLANG_WARN_NON_LITERAL_NULL_CONVERSION = YES;
				CLANG_WARN_OBJC_IMPLICIT_RETAIN_SELF = YES;
				CLANG_WARN_OBJC_LITERAL_CONVERSION = YES;
				CLANG_WARN_OBJC_ROOT_CLASS = YES_ERROR;
				CLANG_WARN_QUOTED_INCLUDE_IN_FRAMEWORK_HEADER = YES;
				CLANG_WARN_RANGE_LOOP_ANALYSIS = YES;
				CLANG_WARN_STRICT_PROTOTYPES = YES;
				CLANG_WARN_SUSPICIOUS_MOVE = YES;
				CLANG_WARN_UNGUARDED_AVAILABILITY = YES_AGGRESSIVE;
				CLANG_WARN_UNREACHABLE_CODE = YES;
				CLANG_WARN__DUPLICATE_METHOD_MATCH = YES;
				COPY_PHASE_STRIP = NO;
				DEBUG_INFORMATION_FORMAT = "dwarf-with-dsym";
				ENABLE_NS_ASSERTIONS = NO;
				ENABLE_STRICT_OBJC_MSGSEND = YES;
				GCC_C_LANGUAGE_STANDARD = gnu11;
				GCC_NO_COMMON_BLOCKS = YES;
				GCC_WARN_64_TO_32_BIT_CONVERSION = YES;
				GCC_WARN_ABOUT_RETURN_TYPE = YES_ERROR;
				GCC_WARN_UNDECLARED_SELECTOR = YES;
				GCC_WARN_UNINITIALIZED_AUTOS = YES_AGGRESSIVE;
				GCC_WARN_UNUSED_FUNCTION = YES;
				GCC_WARN_UNUSED_VARIABLE = YES;
				IPHONEOS_DEPLOYMENT_TARGET = 16.1;
				MTL_ENABLE_DEBUG_INFO = NO;
				MTL_FAST_MATH = YES;
				SDKROOT = iphoneos;
				SWIFT_COMPILATION_MODE = wholemodule;
				SWIFT_OPTIMIZATION_LEVEL = "-O";
				VALIDATE_PRODUCT = YES;
			};
			name = Release;
		};
		B11EA69E29CCC75200A5BAB3 /* Debug */ = {
			isa = XCBuildConfiguration;
			buildSettings = {
				ASSETCATALOG_COMPILER_APPICON_NAME = AppIcon;
				ASSETCATALOG_COMPILER_GLOBAL_ACCENT_COLOR_NAME = AccentColor;
				CODE_SIGN_STYLE = Automatic;
				CURRENT_PROJECT_VERSION = 1;
				DEVELOPMENT_ASSET_PATHS = "\"swiftmovies/Preview Content\"";
				ENABLE_PREVIEWS = YES;
				GENERATE_INFOPLIST_FILE = YES;
				INFOPLIST_KEY_UIApplicationSceneManifest_Generation = YES;
				INFOPLIST_KEY_UIApplicationSupportsIndirectInputEvents = YES;
				INFOPLIST_KEY_UILaunchScreen_Generation = YES;
				INFOPLIST_KEY_UISupportedInterfaceOrientations_iPad = "UIInterfaceOrientationPortrait UIInterfaceOrientationPortraitUpsideDown UIInterfaceOrientationLandscapeLeft UIInterfaceOrientationLandscapeRight";
				INFOPLIST_KEY_UISupportedInterfaceOrientations_iPhone = "UIInterfaceOrientationPortrait UIInterfaceOrientationLandscapeLeft UIInterfaceOrientationLandscapeRight";
				LD_RUNPATH_SEARCH_PATHS = (
					"$(inherited)",
					"@executable_path/Frameworks",
				);
				MARKETING_VERSION = 1.0;
				PRODUCT_BUNDLE_IDENTIFIER = com.blakesmithmn.swiftmovies;
				PRODUCT_NAME = "$(TARGET_NAME)";
				SWIFT_EMIT_LOC_STRINGS = YES;
				SWIFT_VERSION = 5.0;
				TARGETED_DEVICE_FAMILY = "1,2";
			};
			name = Debug;
		};
		B11EA69F29CCC75200A5BAB3 /* Release */ = {
			isa = XCBuildConfiguration;
			buildSettings = {
				ASSETCATALOG_COMPILER_APPICON_NAME = AppIcon;
				ASSETCATALOG_COMPILER_GLOBAL_ACCENT_COLOR_NAME = AccentColor;
				CODE_SIGN_STYLE = Automatic;
				CURRENT_PROJECT_VERSION = 1;
				DEVELOPMENT_ASSET_PATHS = "\"swiftmovies/Preview Content\"";
				ENABLE_PREVIEWS = YES;
				GENERATE_INFOPLIST_FILE = YES;
				INFOPLIST_KEY_UIApplicationSceneManifest_Generation = YES;
				INFOPLIST_KEY_UIApplicationSupportsIndirectInputEvents = YES;
				INFOPLIST_KEY_UILaunchScreen_Generation = YES;
				INFOPLIST_KEY_UISupportedInterfaceOrientations_iPad = "UIInterfaceOrientationPortrait UIInterfaceOrientationPortraitUpsideDown UIInterfaceOrientationLandscapeLeft UIInterfaceOrientationLandscapeRight";
				INFOPLIST_KEY_UISupportedInterfaceOrientations_iPhone = "UIInterfaceOrientationPortrait UIInterfaceOrientationLandscapeLeft UIInterfaceOrientationLandscapeRight";
				LD_RUNPATH_SEARCH_PATHS = (
					"$(inherited)",
					"@executable_path/Frameworks",
				);
				MARKETING_VERSION = 1.0;
				PRODUCT_BUNDLE_IDENTIFIER = com.blakesmithmn.swiftmovies;
				PRODUCT_NAME = "$(TARGET_NAME)";
				SWIFT_EMIT_LOC_STRINGS = YES;
				SWIFT_VERSION = 5.0;
				TARGETED_DEVICE_FAMILY = "1,2";
			};
			name = Release;
		};
		B11EA6A129CCC75200A5BAB3 /* Debug */ = {
			isa = XCBuildConfiguration;
			buildSettings = {
				ALWAYS_EMBED_SWIFT_STANDARD_LIBRARIES = YES;
				BUNDLE_LOADER = "$(TEST_HOST)";
				CODE_SIGN_STYLE = Automatic;
				CURRENT_PROJECT_VERSION = 1;
				GENERATE_INFOPLIST_FILE = YES;
				IPHONEOS_DEPLOYMENT_TARGET = 16.1;
				MARKETING_VERSION = 1.0;
				PRODUCT_BUNDLE_IDENTIFIER = com.blakesmithmn.swiftmoviesTests;
				PRODUCT_NAME = "$(TARGET_NAME)";
				SWIFT_EMIT_LOC_STRINGS = NO;
				SWIFT_VERSION = 5.0;
				TARGETED_DEVICE_FAMILY = "1,2";
				TEST_HOST = "$(BUILT_PRODUCTS_DIR)/swiftmovies.app/$(BUNDLE_EXECUTABLE_FOLDER_PATH)/swiftmovies";
			};
			name = Debug;
		};
		B11EA6A229CCC75200A5BAB3 /* Release */ = {
			isa = XCBuildConfiguration;
			buildSettings = {
				ALWAYS_EMBED_SWIFT_STANDARD_LIBRARIES = YES;
				BUNDLE_LOADER = "$(TEST_HOST)";
				CODE_SIGN_STYLE = Automatic;
				CURRENT_PROJECT_VERSION = 1;
				GENERATE_INFOPLIST_FILE = YES;
				IPHONEOS_DEPLOYMENT_TARGET = 16.1;
				MARKETING_VERSION = 1.0;
				PRODUCT_BUNDLE_IDENTIFIER = com.blakesmithmn.swiftmoviesTests;
				PRODUCT_NAME = "$(TARGET_NAME)";
				SWIFT_EMIT_LOC_STRINGS = NO;
				SWIFT_VERSION = 5.0;
				TARGETED_DEVICE_FAMILY = "1,2";
				TEST_HOST = "$(BUILT_PRODUCTS_DIR)/swiftmovies.app/$(BUNDLE_EXECUTABLE_FOLDER_PATH)/swiftmovies";
			};
			name = Release;
		};
		B11EA6A429CCC75200A5BAB3 /* Debug */ = {
			isa = XCBuildConfiguration;
			buildSettings = {
				ALWAYS_EMBED_SWIFT_STANDARD_LIBRARIES = YES;
				CODE_SIGN_STYLE = Automatic;
				CURRENT_PROJECT_VERSION = 1;
				GENERATE_INFOPLIST_FILE = YES;
				MARKETING_VERSION = 1.0;
				PRODUCT_BUNDLE_IDENTIFIER = com.blakesmithmn.swiftmoviesUITests;
				PRODUCT_NAME = "$(TARGET_NAME)";
				SWIFT_EMIT_LOC_STRINGS = NO;
				SWIFT_VERSION = 5.0;
				TARGETED_DEVICE_FAMILY = "1,2";
				TEST_TARGET_NAME = swiftmovies;
			};
			name = Debug;
		};
		B11EA6A529CCC75200A5BAB3 /* Release */ = {
			isa = XCBuildConfiguration;
			buildSettings = {
				ALWAYS_EMBED_SWIFT_STANDARD_LIBRARIES = YES;
				CODE_SIGN_STYLE = Automatic;
				CURRENT_PROJECT_VERSION = 1;
				GENERATE_INFOPLIST_FILE = YES;
				MARKETING_VERSION = 1.0;
				PRODUCT_BUNDLE_IDENTIFIER = com.blakesmithmn.swiftmoviesUITests;
				PRODUCT_NAME = "$(TARGET_NAME)";
				SWIFT_EMIT_LOC_STRINGS = NO;
				SWIFT_VERSION = 5.0;
				TARGETED_DEVICE_FAMILY = "1,2";
				TEST_TARGET_NAME = swiftmovies;
			};
			name = Release;
		};
/* End XCBuildConfiguration section */

/* Begin XCConfigurationList section */
		B11EA67429CCC75000A5BAB3 /* Build configuration list for PBXProject "swiftmovies" */ = {
			isa = XCConfigurationList;
			buildConfigurations = (
				B11EA69B29CCC75200A5BAB3 /* Debug */,
				B11EA69C29CCC75200A5BAB3 /* Release */,
			);
			defaultConfigurationIsVisible = 0;
			defaultConfigurationName = Release;
		};
		B11EA69D29CCC75200A5BAB3 /* Build configuration list for PBXNativeTarget "swiftmovies" */ = {
			isa = XCConfigurationList;
			buildConfigurations = (
				B11EA69E29CCC75200A5BAB3 /* Debug */,
				B11EA69F29CCC75200A5BAB3 /* Release */,
			);
			defaultConfigurationIsVisible = 0;
			defaultConfigurationName = Release;
		};
		B11EA6A029CCC75200A5BAB3 /* Build configuration list for PBXNativeTarget "swiftmoviesTests" */ = {
			isa = XCConfigurationList;
			buildConfigurations = (
				B11EA6A129CCC75200A5BAB3 /* Debug */,
				B11EA6A229CCC75200A5BAB3 /* Release */,
			);
			defaultConfigurationIsVisible = 0;
			defaultConfigurationName = Release;
		};
		B11EA6A329CCC75200A5BAB3 /* Build configuration list for PBXNativeTarget "swiftmoviesUITests" */ = {
			isa = XCConfigurationList;
			buildConfigurations = (
				B11EA6A429CCC75200A5BAB3 /* Debug */,
				B11EA6A529CCC75200A5BAB3 /* Release */,
			);
			defaultConfigurationIsVisible = 0;
			defaultConfigurationName = Release;
		};
/* End XCConfigurationList section */
	};
	rootObject = B11EA67129CCC75000A5BAB3 /* Project object */;
}
